
Microsoft Visual Studio Solution File, Format Version 12.00
# Visual Studio 15
VisualStudioVersion = 15.0.26124.0
MinimumVisualStudioVersion = 15.0.26124.0
Project("{2150E333-8FDC-42A3-9474-1A3956D46DE8}") = "Domain", "Domain", "{BD525192-3163-44C2-92D4-E293826A2A31}"
EndProject
Project("{FAE04EC0-301F-11D3-BF4B-00C04F79EFBC}") = "Domain", "src\Domain\Domain.csproj", "{704DECDD-DC12-4A11-88ED-B7E44EFF0A85}"
EndProject
Project("{2150E333-8FDC-42A3-9474-1A3956D46DE8}") = "Infra", "Infra", "{4D8D864B-6A0D-4CC4-B68C-2A9ACE868B05}"
EndProject
Project("{2150E333-8FDC-42A3-9474-1A3956D46DE8}") = "App", "App", "{5CADCFD4-6B00-4851-AB44-C969E9A056BE}"
EndProject
Project("{2150E333-8FDC-42A3-9474-1A3956D46DE8}") = "Api", "Api", "{5F965454-CCD9-44F6-B2B0-3E69108D7B23}"
EndProject
Project("{FAE04EC0-301F-11D3-BF4B-00C04F79EFBC}") = "Data", "src\Infra\Data\Data.csproj", "{00483E79-8623-44C8-BFFC-515DC1E33D4B}"
EndProject
Project("{FAE04EC0-301F-11D3-BF4B-00C04F79EFBC}") = "App", "src\App\App.csproj", "{18522617-9A51-4680-BB71-FCFBBE49959B}"
EndProject
Project("{FAE04EC0-301F-11D3-BF4B-00C04F79EFBC}") = "Api", "src\Api\Api.csproj", "{156007F2-83BB-4A50-B720-7DB09D514A08}"
EndProject
Global
	GlobalSection(SolutionConfigurationPlatforms) = preSolution
		Debug|Any CPU = Debug|Any CPU
		Debug|x64 = Debug|x64
		Debug|x86 = Debug|x86
		Release|Any CPU = Release|Any CPU
		Release|x64 = Release|x64
		Release|x86 = Release|x86
	EndGlobalSection
	GlobalSection(SolutionProperties) = preSolution
		HideSolutionNode = FALSE
	EndGlobalSection
	GlobalSection(ProjectConfigurationPlatforms) = postSolution
		{704DECDD-DC12-4A11-88ED-B7E44EFF0A85}.Debug|Any CPU.ActiveCfg = Debug|Any CPU
		{704DECDD-DC12-4A11-88ED-B7E44EFF0A85}.Debug|Any CPU.Build.0 = Debug|Any CPU
		{704DECDD-DC12-4A11-88ED-B7E44EFF0A85}.Debug|x64.ActiveCfg = Debug|Any CPU
		{704DECDD-DC12-4A11-88ED-B7E44EFF0A85}.Debug|x64.Build.0 = Debug|Any CPU
		{704DECDD-DC12-4A11-88ED-B7E44EFF0A85}.Debug|x86.ActiveCfg = Debug|Any CPU
		{704DECDD-DC12-4A11-88ED-B7E44EFF0A85}.Debug|x86.Build.0 = Debug|Any CPU
		{704DECDD-DC12-4A11-88ED-B7E44EFF0A85}.Release|Any CPU.ActiveCfg = Release|Any CPU
		{704DECDD-DC12-4A11-88ED-B7E44EFF0A85}.Release|Any CPU.Build.0 = Release|Any CPU
		{704DECDD-DC12-4A11-88ED-B7E44EFF0A85}.Release|x64.ActiveCfg = Release|Any CPU
		{704DECDD-DC12-4A11-88ED-B7E44EFF0A85}.Release|x64.Build.0 = Release|Any CPU
		{704DECDD-DC12-4A11-88ED-B7E44EFF0A85}.Release|x86.ActiveCfg = Release|Any CPU
		{704DECDD-DC12-4A11-88ED-B7E44EFF0A85}.Release|x86.Build.0 = Release|Any CPU
		{00483E79-8623-44C8-BFFC-515DC1E33D4B}.Debug|Any CPU.ActiveCfg = Debug|Any CPU
		{00483E79-8623-44C8-BFFC-515DC1E33D4B}.Debug|Any CPU.Build.0 = Debug|Any CPU
		{00483E79-8623-44C8-BFFC-515DC1E33D4B}.Debug|x64.ActiveCfg = Debug|Any CPU
		{00483E79-8623-44C8-BFFC-515DC1E33D4B}.Debug|x64.Build.0 = Debug|Any CPU
		{00483E79-8623-44C8-BFFC-515DC1E33D4B}.Debug|x86.ActiveCfg = Debug|Any CPU
		{00483E79-8623-44C8-BFFC-515DC1E33D4B}.Debug|x86.Build.0 = Debug|Any CPU
		{00483E79-8623-44C8-BFFC-515DC1E33D4B}.Release|Any CPU.ActiveCfg = Release|Any CPU
		{00483E79-8623-44C8-BFFC-515DC1E33D4B}.Release|Any CPU.Build.0 = Release|Any CPU
		{00483E79-8623-44C8-BFFC-515DC1E33D4B}.Release|x64.ActiveCfg = Release|Any CPU
		{00483E79-8623-44C8-BFFC-515DC1E33D4B}.Release|x64.Build.0 = Release|Any CPU
		{00483E79-8623-44C8-BFFC-515DC1E33D4B}.Release|x86.ActiveCfg = Release|Any CPU
		{00483E79-8623-44C8-BFFC-515DC1E33D4B}.Release|x86.Build.0 = Release|Any CPU
		{18522617-9A51-4680-BB71-FCFBBE49959B}.Debug|Any CPU.ActiveCfg = Debug|Any CPU
		{18522617-9A51-4680-BB71-FCFBBE49959B}.Debug|Any CPU.Build.0 = Debug|Any CPU
		{18522617-9A51-4680-BB71-FCFBBE49959B}.Debug|x64.ActiveCfg = Debug|Any CPU
		{18522617-9A51-4680-BB71-FCFBBE49959B}.Debug|x64.Build.0 = Debug|Any CPU
		{18522617-9A51-4680-BB71-FCFBBE49959B}.Debug|x86.ActiveCfg = Debug|Any CPU
		{18522617-9A51-4680-BB71-FCFBBE49959B}.Debug|x86.Build.0 = Debug|Any CPU
		{18522617-9A51-4680-BB71-FCFBBE49959B}.Release|Any CPU.ActiveCfg = Release|Any CPU
		{18522617-9A51-4680-BB71-FCFBBE49959B}.Release|Any CPU.Build.0 = Release|Any CPU
		{18522617-9A51-4680-BB71-FCFBBE49959B}.Release|x64.ActiveCfg = Release|Any CPU
		{18522617-9A51-4680-BB71-FCFBBE49959B}.Release|x64.Build.0 = Release|Any CPU
		{18522617-9A51-4680-BB71-FCFBBE49959B}.Release|x86.ActiveCfg = Release|Any CPU
		{18522617-9A51-4680-BB71-FCFBBE49959B}.Release|x86.Build.0 = Release|Any CPU
		{156007F2-83BB-4A50-B720-7DB09D514A08}.Debug|Any CPU.ActiveCfg = Debug|Any CPU
		{156007F2-83BB-4A50-B720-7DB09D514A08}.Debug|Any CPU.Build.0 = Debug|Any CPU
		{156007F2-83BB-4A50-B720-7DB09D514A08}.Debug|x64.ActiveCfg = Debug|Any CPU
		{156007F2-83BB-4A50-B720-7DB09D514A08}.Debug|x64.Build.0 = Debug|Any CPU
		{156007F2-83BB-4A50-B720-7DB09D514A08}.Debug|x86.ActiveCfg = Debug|Any CPU
		{156007F2-83BB-4A50-B720-7DB09D514A08}.Debug|x86.Build.0 = Debug|Any CPU
		{156007F2-83BB-4A50-B720-7DB09D514A08}.Release|Any CPU.ActiveCfg = Release|Any CPU
		{156007F2-83BB-4A50-B720-7DB09D514A08}.Release|Any CPU.Build.0 = Release|Any CPU
		{156007F2-83BB-4A50-B720-7DB09D514A08}.Release|x64.ActiveCfg = Release|Any CPU
		{156007F2-83BB-4A50-B720-7DB09D514A08}.Release|x64.Build.0 = Release|Any CPU
		{156007F2-83BB-4A50-B720-7DB09D514A08}.Release|x86.ActiveCfg = Release|Any CPU
		{156007F2-83BB-4A50-B720-7DB09D514A08}.Release|x86.Build.0 = Release|Any CPU
	EndGlobalSection
	GlobalSection(NestedProjects) = preSolution
		{704DECDD-DC12-4A11-88ED-B7E44EFF0A85} = {BD525192-3163-44C2-92D4-E293826A2A31}
		{00483E79-8623-44C8-BFFC-515DC1E33D4B} = {4D8D864B-6A0D-4CC4-B68C-2A9ACE868B05}
		{18522617-9A51-4680-BB71-FCFBBE49959B} = {5CADCFD4-6B00-4851-AB44-C969E9A056BE}
		{156007F2-83BB-4A50-B720-7DB09D514A08} = {5F965454-CCD9-44F6-B2B0-3E69108D7B23}
	EndGlobalSection
EndGlobal
